
Microsoft Visual Studio Solution File, Format Version 12.00
# Visual Studio Version 17
VisualStudioVersion = 17.9.34622.214
MinimumVisualStudioVersion = 10.0.40219.1
Project("{9A19103F-16F7-4668-BE54-9A1E7A4F7556}") = "Order.API", "Order.API\Order.API.csproj", "{CF7B9F96-4379-47BB-BD54-F4F554C8F40E}"
EndProject
Project("{9A19103F-16F7-4668-BE54-9A1E7A4F7556}") = "Stock.API", "Stock.API\Stock.API.csproj", "{B96AAA91-3AE8-45A5-B1B9-7913F48717FE}"
EndProject
Project("{9A19103F-16F7-4668-BE54-9A1E7A4F7556}") = "Payment.API", "Payment.API\Payment.API.csproj", "{06BD4DE6-46E1-416E-A5BD-9F4E003AFA8F}"
EndProject
Project("{9A19103F-16F7-4668-BE54-9A1E7A4F7556}") = "SagaStateMachine.Service", "SagaStateMachine.Service\SagaStateMachine.Service.csproj", "{01974474-EF42-4AC3-BE1A-1FBE9DFA74F9}"
EndProject
Project("{FAE04EC0-301F-11D3-BF4B-00C04F79EFBC}") = "Shared", "Shared\Shared.csproj", "{A36AF791-68AE-44A2-A13E-00E4053557B1}"
EndProject
Global
	GlobalSection(SolutionConfigurationPlatforms) = preSolution
		Debug|Any CPU = Debug|Any CPU
		Release|Any CPU = Release|Any CPU
	EndGlobalSection
	GlobalSection(ProjectConfigurationPlatforms) = postSolution
		{CF7B9F96-4379-47BB-BD54-F4F554C8F40E}.Debug|Any CPU.ActiveCfg = Debug|Any CPU
		{CF7B9F96-4379-47BB-BD54-F4F554C8F40E}.Debug|Any CPU.Build.0 = Debug|Any CPU
		{CF7B9F96-4379-47BB-BD54-F4F554C8F40E}.Release|Any CPU.ActiveCfg = Release|Any CPU
		{CF7B9F96-4379-47BB-BD54-F4F554C8F40E}.Release|Any CPU.Build.0 = Release|Any CPU
		{B96AAA91-3AE8-45A5-B1B9-7913F48717FE}.Debug|Any CPU.ActiveCfg = Debug|Any CPU
		{B96AAA91-3AE8-45A5-B1B9-7913F48717FE}.Debug|Any CPU.Build.0 = Debug|Any CPU
		{B96AAA91-3AE8-45A5-B1B9-7913F48717FE}.Release|Any CPU.ActiveCfg = Release|Any CPU
		{B96AAA91-3AE8-45A5-B1B9-7913F48717FE}.Release|Any CPU.Build.0 = Release|Any CPU
		{06BD4DE6-46E1-416E-A5BD-9F4E003AFA8F}.Debug|Any CPU.ActiveCfg = Debug|Any CPU
		{06BD4DE6-46E1-416E-A5BD-9F4E003AFA8F}.Debug|Any CPU.Build.0 = Debug|Any CPU
		{06BD4DE6-46E1-416E-A5BD-9F4E003AFA8F}.Release|Any CPU.ActiveCfg = Release|Any CPU
		{06BD4DE6-46E1-416E-A5BD-9F4E003AFA8F}.Release|Any CPU.Build.0 = Release|Any CPU
		{01974474-EF42-4AC3-BE1A-1FBE9DFA74F9}.Debug|Any CPU.ActiveCfg = Debug|Any CPU
		{01974474-EF42-4AC3-BE1A-1FBE9DFA74F9}.Debug|Any CPU.Build.0 = Debug|Any CPU
		{01974474-EF42-4AC3-BE1A-1FBE9DFA74F9}.Release|Any CPU.ActiveCfg = Release|Any CPU
		{01974474-EF42-4AC3-BE1A-1FBE9DFA74F9}.Release|Any CPU.Build.0 = Release|Any CPU
		{A36AF791-68AE-44A2-A13E-00E4053557B1}.Debug|Any CPU.ActiveCfg = Debug|Any CPU
		{A36AF791-68AE-44A2-A13E-00E4053557B1}.Debug|Any CPU.Build.0 = Debug|Any CPU
		{A36AF791-68AE-44A2-A13E-00E4053557B1}.Release|Any CPU.ActiveCfg = Release|Any CPU
		{A36AF791-68AE-44A2-A13E-00E4053557B1}.Release|Any CPU.Build.0 = Release|Any CPU
	EndGlobalSection
	GlobalSection(SolutionProperties) = preSolution
		HideSolutionNode = FALSE
	EndGlobalSection
	GlobalSection(ExtensibilityGlobals) = postSolution
		SolutionGuid = {4FC78E7E-E69E-4137-8B62-50785129E13E}
	EndGlobalSection
EndGlobal
